{
  "pins" : [
    {
      "identity" : "csprogress",
      "kind" : "remoteSourceControl",
      "location" : "https://github.com/gregcotten/CSProgress",
      "state" : {
        "revision" : "b831bb234a8a2af02ccc04d6e91a62f7dabb7de4",
        "version" : "0.0.1"
      }
    },
    {
      "identity" : "rainbow",
      "kind" : "remoteSourceControl",
      "location" : "https://github.com/onevcat/Rainbow",
      "state" : {
        "revision" : "0c627a4f8a39ef37eadec1ceec02e4a7f55561ac",
        "version" : "4.1.0"
      }
    },
    {
      "identity" : "splash",
      "kind" : "remoteSourceControl",
      "location" : "https://github.com/ShaftUI/Splash",
      "state" : {
        "branch" : "master",
        "revision" : "ed08785980b61de9b98306434410ce7fc10572ea"
      }
    },
    {
      "identity" : "swift-collections",
      "kind" : "remoteSourceControl",
      "location" : "https://github.com/apple/swift-collections",
      "state" : {
        "branch" : "main",
        "revision" : "52a1f698d5faa632df0e1219b1bbffa07cf65260"
      }
    },
    {
      "identity" : "swift-system",
      "kind" : "remoteSourceControl",
      "location" : "https://github.com/apple/swift-system",
      "state" : {
        "revision" : "c8a44d836fe7913603e246acab7c528c2e780168",
        "version" : "1.4.0"
      }
    },
    {
      "identity" : "swiftmath",
      "kind" : "remoteSourceControl",
      "location" : "https://github.com/ShaftUI/SwiftMath",
      "state" : {
        "revision" : "034d9010448694872655731129a7599bb27d5b01",
        "version" : "3.3.2"
      }
    },
    {
      "identity" : "swiftsdl3",
      "kind" : "remoteSourceControl",
      "location" : "https://github.com/ShaftUI/SwiftSDL3",
      "state" : {
        "branch" : "main",
        "revision" : "d33d998856d263f19f7fc8c5f893fbb82e6564dc"
      }
    },
    {
      "identity" : "zipfoundationmodern",
      "kind" : "remoteSourceControl",
      "location" : "https://github.com/gregcotten/ZIPFoundationModern",
      "state" : {
        "revision" : "97755f1b1217dc2aa1ca9219630c1ba450519313",
        "version" : "0.0.3"
      }
    }
  ],
  "version" : 2
}
